// !$*UTF8*$!
{
	archiveVersion = 1;
	classes = {
	};
	objectVersion = 55;
	objects = {

/* Begin PBXBuildFile section */
		1C2C27E2297F439E00FAE09D /* PokemonCell.xib in Resources */ = {isa = PBXBuildFile; fileRef = 1C2C27E1297F439E00FAE09D /* PokemonCell.xib */; };
		1C2C27E4297F451800FAE09D /* PokemonCell.swift in Sources */ = {isa = PBXBuildFile; fileRef = 1C2C27E3297F451800FAE09D /* PokemonCell.swift */; };
		1CF6FBB52978FB4200031388 /* AppDelegate.swift in Sources */ = {isa = PBXBuildFile; fileRef = 1CF6FBB42978FB4200031388 /* AppDelegate.swift */; };
		1CF6FBB72978FB4200031388 /* SceneDelegate.swift in Sources */ = {isa = PBXBuildFile; fileRef = 1CF6FBB62978FB4200031388 /* SceneDelegate.swift */; };
		1CF6FBBE2978FB4500031388 /* Assets.xcassets in Resources */ = {isa = PBXBuildFile; fileRef = 1CF6FBBD2978FB4500031388 /* Assets.xcassets */; };
		1CF6FBC12978FB4500031388 /* LaunchScreen.storyboard in Resources */ = {isa = PBXBuildFile; fileRef = 1CF6FBBF2978FB4500031388 /* LaunchScreen.storyboard */; };
		1CF6FBD2297A8D1F00031388 /* API.swift in Sources */ = {isa = PBXBuildFile; fileRef = 1CF6FBD1297A8D1F00031388 /* API.swift */; };
		1CF6FBF8297DEE3E00031388 /* Pokemon.swift in Sources */ = {isa = PBXBuildFile; fileRef = 1CF6FBF7297DEE3E00031388 /* Pokemon.swift */; };
		1CF6FBFA297DEE5E00031388 /* SearchPokemonPresenter.swift in Sources */ = {isa = PBXBuildFile; fileRef = 1CF6FBF9297DEE5E00031388 /* SearchPokemonPresenter.swift */; };
		1CF6FBFE297E511000031388 /* SearchPokemon.storyboard in Resources */ = {isa = PBXBuildFile; fileRef = 1CF6FBFD297E511000031388 /* SearchPokemon.storyboard */; };
		1CF6FC00297E535D00031388 /* SearchPokemonViewController.swift in Sources */ = {isa = PBXBuildFile; fileRef = 1CF6FBFF297E535D00031388 /* SearchPokemonViewController.swift */; };
		ADD37E958A79E5D9A7003C69 /* Pods_SampleMVP.framework in Frameworks */ = {isa = PBXBuildFile; fileRef = D537079CC51CFB17D1D09B2D /* Pods_SampleMVP.framework */; };
/* End PBXBuildFile section */

/* Begin PBXFileReference section */
		02FC34613C8B78B3F3D32169 /* Pods-SampleMVP.debug.xcconfig */ = {isa = PBXFileReference; includeInIndex = 1; lastKnownFileType = text.xcconfig; name = "Pods-SampleMVP.debug.xcconfig"; path = "Target Support Files/Pods-SampleMVP/Pods-SampleMVP.debug.xcconfig"; sourceTree = "<group>"; };
		1C2C27E1297F439E00FAE09D /* PokemonCell.xib */ = {isa = PBXFileReference; lastKnownFileType = file.xib; path = PokemonCell.xib; sourceTree = "<group>"; };
		1C2C27E3297F451800FAE09D /* PokemonCell.swift */ = {isa = PBXFileReference; lastKnownFileType = sourcecode.swift; path = PokemonCell.swift; sourceTree = "<group>"; };
		1CF6FBB12978FB4200031388 /* SampleMVP.app */ = {isa = PBXFileReference; explicitFileType = wrapper.application; includeInIndex = 0; path = SampleMVP.app; sourceTree = BUILT_PRODUCTS_DIR; };
		1CF6FBB42978FB4200031388 /* AppDelegate.swift */ = {isa = PBXFileReference; lastKnownFileType = sourcecode.swift; path = AppDelegate.swift; sourceTree = "<group>"; };
		1CF6FBB62978FB4200031388 /* SceneDelegate.swift */ = {isa = PBXFileReference; lastKnownFileType = sourcecode.swift; path = SceneDelegate.swift; sourceTree = "<group>"; };
		1CF6FBBD2978FB4500031388 /* Assets.xcassets */ = {isa = PBXFileReference; lastKnownFileType = folder.assetcatalog; path = Assets.xcassets; sourceTree = "<group>"; };
		1CF6FBC02978FB4500031388 /* Base */ = {isa = PBXFileReference; lastKnownFileType = file.storyboard; name = Base; path = Base.lproj/LaunchScreen.storyboard; sourceTree = "<group>"; };
		1CF6FBC22978FB4500031388 /* Info.plist */ = {isa = PBXFileReference; lastKnownFileType = text.plist.xml; path = Info.plist; sourceTree = "<group>"; };
		1CF6FBD1297A8D1F00031388 /* API.swift */ = {isa = PBXFileReference; lastKnownFileType = sourcecode.swift; path = API.swift; sourceTree = "<group>"; };
		1CF6FBF7297DEE3E00031388 /* Pokemon.swift */ = {isa = PBXFileReference; fileEncoding = 4; lastKnownFileType = sourcecode.swift; path = Pokemon.swift; sourceTree = "<group>"; };
		1CF6FBF9297DEE5E00031388 /* SearchPokemonPresenter.swift */ = {isa = PBXFileReference; fileEncoding = 4; lastKnownFileType = sourcecode.swift; path = SearchPokemonPresenter.swift; sourceTree = "<group>"; };
		1CF6FBFD297E511000031388 /* SearchPokemon.storyboard */ = {isa = PBXFileReference; lastKnownFileType = file.storyboard; path = SearchPokemon.storyboard; sourceTree = "<group>"; };
		1CF6FBFF297E535D00031388 /* SearchPokemonViewController.swift */ = {isa = PBXFileReference; lastKnownFileType = sourcecode.swift; path = SearchPokemonViewController.swift; sourceTree = "<group>"; };
		2E1AC4B85CC72C14F2DFBA23 /* Pods-SampleMVP.release.xcconfig */ = {isa = PBXFileReference; includeInIndex = 1; lastKnownFileType = text.xcconfig; name = "Pods-SampleMVP.release.xcconfig"; path = "Target Support Files/Pods-SampleMVP/Pods-SampleMVP.release.xcconfig"; sourceTree = "<group>"; };
		D537079CC51CFB17D1D09B2D /* Pods_SampleMVP.framework */ = {isa = PBXFileReference; explicitFileType = wrapper.framework; includeInIndex = 0; path = Pods_SampleMVP.framework; sourceTree = BUILT_PRODUCTS_DIR; };
/* End PBXFileReference section */

/* Begin PBXFrameworksBuildPhase section */
		1CF6FBAE2978FB4200031388 /* Frameworks */ = {
			isa = PBXFrameworksBuildPhase;
			buildActionMask = 2147483647;
			files = (
				ADD37E958A79E5D9A7003C69 /* Pods_SampleMVP.framework in Frameworks */,
			);
			runOnlyForDeploymentPostprocessing = 0;
		};
/* End PBXFrameworksBuildPhase section */

/* Begin PBXGroup section */
		1C2C27E0297F41A800FAE09D /* cells */ = {
			isa = PBXGroup;
			children = (
				1C2C27E3297F451800FAE09D /* PokemonCell.swift */,
				1C2C27E1297F439E00FAE09D /* PokemonCell.xib */,
			);
			path = cells;
			sourceTree = "<group>";
		};
		1CF6FBA82978FB4200031388 = {
			isa = PBXGroup;
			children = (
				1CF6FBB32978FB4200031388 /* SampleMVP */,
				1CF6FBB22978FB4200031388 /* Products */,
				C2ACD960A0970B2E769958EB /* Pods */,
				6BB7EC3397D56DC99F6E0600 /* Frameworks */,
			);
			sourceTree = "<group>";
		};
		1CF6FBB22978FB4200031388 /* Products */ = {
			isa = PBXGroup;
			children = (
				1CF6FBB12978FB4200031388 /* SampleMVP.app */,
			);
			name = Products;
			sourceTree = "<group>";
		};
		1CF6FBB32978FB4200031388 /* SampleMVP */ = {
			isa = PBXGroup;
			children = (
				1CF6FBB42978FB4200031388 /* AppDelegate.swift */,
				1CF6FBB62978FB4200031388 /* SceneDelegate.swift */,
				1CF6FBCC297914ED00031388 /* Models */,
				1CF6FC02297E54EB00031388 /* Views */,
				1CF6FC01297E54CD00031388 /* Presenters */,
				1CF6FBBD2978FB4500031388 /* Assets.xcassets */,
				1CF6FBBF2978FB4500031388 /* LaunchScreen.storyboard */,
				1CF6FBC22978FB4500031388 /* Info.plist */,
			);
			path = SampleMVP;
			sourceTree = "<group>";
		};
		1CF6FBCC297914ED00031388 /* Models */ = {
			isa = PBXGroup;
			children = (
				1CF6FBF7297DEE3E00031388 /* Pokemon.swift */,
				1CF6FBD1297A8D1F00031388 /* API.swift */,
			);
			path = Models;
			sourceTree = "<group>";
		};
		1CF6FC01297E54CD00031388 /* Presenters */ = {
			isa = PBXGroup;
			children = (
				1CF6FBF9297DEE5E00031388 /* SearchPokemonPresenter.swift */,
			);
			name = Presenters;
			path = Models/Presenters;
			sourceTree = "<group>";
		};
		1CF6FC02297E54EB00031388 /* Views */ = {
			isa = PBXGroup;
			children = (
				1C2C27E0297F41A800FAE09D /* cells */,
				1CF6FBFF297E535D00031388 /* SearchPokemonViewController.swift */,
				1CF6FBFD297E511000031388 /* SearchPokemon.storyboard */,
			);
			path = Views;
			sourceTree = "<group>";
		};
		6BB7EC3397D56DC99F6E0600 /* Frameworks */ = {
			isa = PBXGroup;
			children = (
				D537079CC51CFB17D1D09B2D /* Pods_SampleMVP.framework */,
			);
			name = Frameworks;
			sourceTree = "<group>";
		};
		C2ACD960A0970B2E769958EB /* Pods */ = {
			isa = PBXGroup;
			children = (
				02FC34613C8B78B3F3D32169 /* Pods-SampleMVP.debug.xcconfig */,
				2E1AC4B85CC72C14F2DFBA23 /* Pods-SampleMVP.release.xcconfig */,
			);
			name = Pods;
			path = Pods;
			sourceTree = "<group>";
		};
/* End PBXGroup section */

/* Begin PBXNativeTarget section */
		1CF6FBB02978FB4200031388 /* SampleMVP */ = {
			isa = PBXNativeTarget;
			buildConfigurationList = 1CF6FBC52978FB4500031388 /* Build configuration list for PBXNativeTarget "SampleMVP" */;
			buildPhases = (
				1FC15BD44E0159355572815D /* [CP] Check Pods Manifest.lock */,
				1CF6FBAD2978FB4200031388 /* Sources */,
				1CF6FBAE2978FB4200031388 /* Frameworks */,
				1CF6FBAF2978FB4200031388 /* Resources */,
				7AB2908730C6B3E6827D4F9D /* [CP] Embed Pods Frameworks */,
			);
			buildRules = (
			);
			dependencies = (
			);
			name = SampleMVP;
			productName = SampleMVP;
			productReference = 1CF6FBB12978FB4200031388 /* SampleMVP.app */;
			productType = "com.apple.product-type.application";
		};
/* End PBXNativeTarget section */

/* Begin PBXProject section */
		1CF6FBA92978FB4200031388 /* Project object */ = {
			isa = PBXProject;
			attributes = {
				BuildIndependentTargetsInParallel = 1;
				LastSwiftUpdateCheck = 1420;
				LastUpgradeCheck = 1420;
				TargetAttributes = {
					1CF6FBB02978FB4200031388 = {
						CreatedOnToolsVersion = 14.2;
					};
				};
			};
			buildConfigurationList = 1CF6FBAC2978FB4200031388 /* Build configuration list for PBXProject "SampleMVP" */;
			compatibilityVersion = "Xcode 14.0";
			developmentRegion = en;
			hasScannedForEncodings = 0;
			knownRegions = (
				en,
				Base,
			);
			mainGroup = 1CF6FBA82978FB4200031388;
			productRefGroup = 1CF6FBB22978FB4200031388 /* Products */;
			projectDirPath = "";
			projectRoot = "";
			targets = (
				1CF6FBB02978FB4200031388 /* SampleMVP */,
			);
		};
/* End PBXProject section */

/* Begin PBXResourcesBuildPhase section */
		1CF6FBAF2978FB4200031388 /* Resources */ = {
			isa = PBXResourcesBuildPhase;
			buildActionMask = 2147483647;
			files = (
				1CF6FBC12978FB4500031388 /* LaunchScreen.storyboard in Resources */,
				1C2C27E2297F439E00FAE09D /* PokemonCell.xib in Resources */,
				1CF6FBBE2978FB4500031388 /* Assets.xcassets in Resources */,
				1CF6FBFE297E511000031388 /* SearchPokemon.storyboard in Resources */,
			);
			runOnlyForDeploymentPostprocessing = 0;
		};
/* End PBXResourcesBuildPhase section */

/* Begin PBXShellScriptBuildPhase section */
		1FC15BD44E0159355572815D /* [CP] Check Pods Manifest.lock */ = {
			isa = PBXShellScriptBuildPhase;
			buildActionMask = 2147483647;
			files = (
			);
			inputFileListPaths = (
			);
			inputPaths = (
				"${PODS_PODFILE_DIR_PATH}/Podfile.lock",
				"${PODS_ROOT}/Manifest.lock",
			);
			name = "[CP] Check Pods Manifest.lock";
			outputFileListPaths = (
			);
			outputPaths = (
				"$(DERIVED_FILE_DIR)/Pods-SampleMVP-checkManifestLockResult.txt",
			);
			runOnlyForDeploymentPostprocessing = 0;
			shellPath = /bin/sh;
			shellScript = "diff \"${PODS_PODFILE_DIR_PATH}/Podfile.lock\" \"${PODS_ROOT}/Manifest.lock\" > /dev/null\nif [ $? != 0 ] ; then\n    # print error to STDERR\n    echo \"error: The sandbox is not in sync with the Podfile.lock. Run 'pod install' or update your CocoaPods installation.\" >&2\n    exit 1\nfi\n# This output is used by Xcode 'outputs' to avoid re-running this script phase.\necho \"SUCCESS\" > \"${SCRIPT_OUTPUT_FILE_0}\"\n";
			showEnvVarsInLog = 0;
		};
		7AB2908730C6B3E6827D4F9D /* [CP] Embed Pods Frameworks */ = {
			isa = PBXShellScriptBuildPhase;
			buildActionMask = 2147483647;
			files = (
			);
			inputFileListPaths = (
				"${PODS_ROOT}/Target Support Files/Pods-SampleMVP/Pods-SampleMVP-frameworks-${CONFIGURATION}-input-files.xcfilelist",
			);
			name = "[CP] Embed Pods Frameworks";
			outputFileListPaths = (
				"${PODS_ROOT}/Target Support Files/Pods-SampleMVP/Pods-SampleMVP-frameworks-${CONFIGURATION}-output-files.xcfilelist",
			);
			runOnlyForDeploymentPostprocessing = 0;
			shellPath = /bin/sh;
			shellScript = "\"${PODS_ROOT}/Target Support Files/Pods-SampleMVP/Pods-SampleMVP-frameworks.sh\"\n";
			showEnvVarsInLog = 0;
		};
/* End PBXShellScriptBuildPhase section */

/* Begin PBXSourcesBuildPhase section */
		1CF6FBAD2978FB4200031388 /* Sources */ = {
			isa = PBXSourcesBuildPhase;
			buildActionMask = 2147483647;
			files = (
				1CF6FC00297E535D00031388 /* SearchPokemonViewController.swift in Sources */,
				1CF6FBF8297DEE3E00031388 /* Pokemon.swift in Sources */,
				1CF6FBB52978FB4200031388 /* AppDelegate.swift in Sources */,
				1CF6FBD2297A8D1F00031388 /* API.swift in Sources */,
				1CF6FBFA297DEE5E00031388 /* SearchPokemonPresenter.swift in Sources */,
				1C2C27E4297F451800FAE09D /* PokemonCell.swift in Sources */,
				1CF6FBB72978FB4200031388 /* SceneDelegate.swift in Sources */,
			);
			runOnlyForDeploymentPostprocessing = 0;
		};
/* End PBXSourcesBuildPhase section */

/* Begin PBXVariantGroup section */
		1CF6FBBF2978FB4500031388 /* LaunchScreen.storyboard */ = {
			isa = PBXVariantGroup;
			children = (
				1CF6FBC02978FB4500031388 /* Base */,
			);
			name = LaunchScreen.storyboard;
			sourceTree = "<group>";
		};
/* End PBXVariantGroup section */

/* Begin XCBuildConfiguration section */
		1CF6FBC32978FB4500031388 /* Debug */ = {
			isa = XCBuildConfiguration;
			buildSettings = {
				ALWAYS_SEARCH_USER_PATHS = NO;
				CLANG_ANALYZER_NONNULL = YES;
				CLANG_ANALYZER_NUMBER_OBJECT_CONVERSION = YES_AGGRESSIVE;
				CLANG_CXX_LANGUAGE_STANDARD = "gnu++20";
				CLANG_ENABLE_MODULES = YES;
				CLANG_ENABLE_OBJC_ARC = YES;
				CLANG_ENABLE_OBJC_WEAK = YES;
				CLANG_WARN_BLOCK_CAPTURE_AUTORELEASING = YES;
				CLANG_WARN_BOOL_CONVERSION = YES;
				CLANG_WARN_COMMA = YES;
				CLANG_WARN_CONSTANT_CONVERSION = YES;
				CLANG_WARN_DEPRECATED_OBJC_IMPLEMENTATIONS = YES;
				CLANG_WARN_DIRECT_OBJC_ISA_USAGE = YES_ERROR;
				CLANG_WARN_DOCUMENTATION_COMMENTS = YES;
				CLANG_WARN_EMPTY_BODY = YES;
				CLANG_WARN_ENUM_CONVERSION = YES;
				CLANG_WARN_INFINITE_RECURSION = YES;
				CLANG_WARN_INT_CONVERSION = YES;
				CLANG_WARN_NON_LITERAL_NULL_CONVERSION = YES;
				CLANG_WARN_OBJC_IMPLICIT_RETAIN_SELF = YES;
				CLANG_WARN_OBJC_LITERAL_CONVERSION = YES;
				CLANG_WARN_OBJC_ROOT_CLASS = YES_ERROR;
				CLANG_WARN_QUOTED_INCLUDE_IN_FRAMEWORK_HEADER = YES;
				CLANG_WARN_RANGE_LOOP_ANALYSIS = YES;
				CLANG_WARN_STRICT_PROTOTYPES = YES;
				CLANG_WARN_SUSPICIOUS_MOVE = YES;
				CLANG_WARN_UNGUARDED_AVAILABILITY = YES_AGGRESSIVE;
				CLANG_WARN_UNREACHABLE_CODE = YES;
				CLANG_WARN__DUPLICATE_METHOD_MATCH = YES;
				COPY_PHASE_STRIP = NO;
				DEBUG_INFORMATION_FORMAT = dwarf;
				ENABLE_STRICT_OBJC_MSGSEND = YES;
				ENABLE_TESTABILITY = YES;
				GCC_C_LANGUAGE_STANDARD = gnu11;
				GCC_DYNAMIC_NO_PIC = NO;
				GCC_NO_COMMON_BLOCKS = YES;
				GCC_OPTIMIZATION_LEVEL = 0;
				GCC_PREPROCESSOR_DEFINITIONS = (
					"DEBUG=1",
					"$(inherited)",
				);
				GCC_WARN_64_TO_32_BIT_CONVERSION = YES;
				GCC_WARN_ABOUT_RETURN_TYPE = YES_ERROR;
				GCC_WARN_UNDECLARED_SELECTOR = YES;
				GCC_WARN_UNINITIALIZED_AUTOS = YES_AGGRESSIVE;
				GCC_WARN_UNUSED_FUNCTION = YES;
				GCC_WARN_UNUSED_VARIABLE = YES;
				IPHONEOS_DEPLOYMENT_TARGET = 16.2;
				MTL_ENABLE_DEBUG_INFO = INCLUDE_SOURCE;
				MTL_FAST_MATH = YES;
				ONLY_ACTIVE_ARCH = YES;
				SDKROOT = iphoneos;
				SWIFT_ACTIVE_COMPILATION_CONDITIONS = DEBUG;
				SWIFT_OPTIMIZATION_LEVEL = "-Onone";
			};
			name = Debug;
		};
		1CF6FBC42978FB4500031388 /* Release */ = {
			isa = XCBuildConfiguration;
			buildSettings = {
				ALWAYS_SEARCH_USER_PATHS = NO;
				CLANG_ANALYZER_NONNULL = YES;
				CLANG_ANALYZER_NUMBER_OBJECT_CONVERSION = YES_AGGRESSIVE;
				CLANG_CXX_LANGUAGE_STANDARD = "gnu++20";
				CLANG_ENABLE_MODULES = YES;
				CLANG_ENABLE_OBJC_ARC = YES;
				CLANG_ENABLE_OBJC_WEAK = YES;
				CLANG_WARN_BLOCK_CAPTURE_AUTORELEASING = YES;
				CLANG_WARN_BOOL_CONVERSION = YES;
				CLANG_WARN_COMMA = YES;
				CLANG_WARN_CONSTANT_CONVERSION = YES;
				CLANG_WARN_DEPRECATED_OBJC_IMPLEMENTATIONS = YES;
				CLANG_WARN_DIRECT_OBJC_ISA_USAGE = YES_ERROR;
				CLANG_WARN_DOCUMENTATION_COMMENTS = YES;
				CLANG_WARN_EMPTY_BODY = YES;
				CLANG_WARN_ENUM_CONVERSION = YES;
				CLANG_WARN_INFINITE_RECURSION = YES;
				CLANG_WARN_INT_CONVERSION = YES;
				CLANG_WARN_NON_LITERAL_NULL_CONVERSION = YES;
				CLANG_WARN_OBJC_IMPLICIT_RETAIN_SELF = YES;
				CLANG_WARN_OBJC_LITERAL_CONVERSION = YES;
				CLANG_WARN_OBJC_ROOT_CLASS = YES_ERROR;
				CLANG_WARN_QUOTED_INCLUDE_IN_FRAMEWORK_HEADER = YES;
				CLANG_WARN_RANGE_LOOP_ANALYSIS = YES;
				CLANG_WARN_STRICT_PROTOTYPES = YES;
				CLANG_WARN_SUSPICIOUS_MOVE = YES;
				CLANG_WARN_UNGUARDED_AVAILABILITY = YES_AGGRESSIVE;
				CLANG_WARN_UNREACHABLE_CODE = YES;
				CLANG_WARN__DUPLICATE_METHOD_MATCH = YES;
				COPY_PHASE_STRIP = NO;
				DEBUG_INFORMATION_FORMAT = "dwarf-with-dsym";
				ENABLE_NS_ASSERTIONS = NO;
				ENABLE_STRICT_OBJC_MSGSEND = YES;
				GCC_C_LANGUAGE_STANDARD = gnu11;
				GCC_NO_COMMON_BLOCKS = YES;
				GCC_WARN_64_TO_32_BIT_CONVERSION = YES;
				GCC_WARN_ABOUT_RETURN_TYPE = YES_ERROR;
				GCC_WARN_UNDECLARED_SELECTOR = YES;
				GCC_WARN_UNINITIALIZED_AUTOS = YES_AGGRESSIVE;
				GCC_WARN_UNUSED_FUNCTION = YES;
				GCC_WARN_UNUSED_VARIABLE = YES;
				IPHONEOS_DEPLOYMENT_TARGET = 16.2;
				MTL_ENABLE_DEBUG_INFO = NO;
				MTL_FAST_MATH = YES;
				SDKROOT = iphoneos;
				SWIFT_COMPILATION_MODE = wholemodule;
				SWIFT_OPTIMIZATION_LEVEL = "-O";
				VALIDATE_PRODUCT = YES;
			};
			name = Release;
		};
		1CF6FBC62978FB4500031388 /* Debug */ = {
			isa = XCBuildConfiguration;
			baseConfigurationReference = 02FC34613C8B78B3F3D32169 /* Pods-SampleMVP.debug.xcconfig */;
			buildSettings = {
				ASSETCATALOG_COMPILER_APPICON_NAME = AppIcon;
				ASSETCATALOG_COMPILER_GLOBAL_ACCENT_COLOR_NAME = AccentColor;
				CODE_SIGN_STYLE = Automatic;
				CURRENT_PROJECT_VERSION = 1;
				DEVELOPMENT_TEAM = WY23RUM8JH;
				GENERATE_INFOPLIST_FILE = YES;
				INFOPLIST_FILE = SampleMVP/Info.plist;
				INFOPLIST_KEY_UIApplicationSupportsIndirectInputEvents = YES;
				INFOPLIST_KEY_UILaunchStoryboardName = LaunchScreen;
				INFOPLIST_KEY_UISupportedInterfaceOrientations_iPad = "UIInterfaceOrientationPortrait UIInterfaceOrientationPortraitUpsideDown UIInterfaceOrientationLandscapeLeft UIInterfaceOrientationLandscapeRight";
				INFOPLIST_KEY_UISupportedInterfaceOrientations_iPhone = "UIInterfaceOrientationPortrait UIInterfaceOrientationLandscapeLeft UIInterfaceOrientationLandscapeRight";
				LD_RUNPATH_SEARCH_PATHS = (
					"$(inherited)",
					"@executable_path/Frameworks",
				);
				MARKETING_VERSION = 1.0;
				PRODUCT_BUNDLE_IDENTIFIER = com.otoufujohnny.SampleMVP;
				PRODUCT_NAME = "$(TARGET_NAME)";
				SWIFT_EMIT_LOC_STRINGS = YES;
				SWIFT_VERSION = 5.0;
				TARGETED_DEVICE_FAMILY = "1,2";
			};
			name = Debug;
		};
		1CF6FBC72978FB4500031388 /* Release */ = {
			isa = XCBuildConfiguration;
			baseConfigurationReference = 2E1AC4B85CC72C14F2DFBA23 /* Pods-SampleMVP.release.xcconfig */;
			buildSettings = {
				ASSETCATALOG_COMPILER_APPICON_NAME = AppIcon;
				ASSETCATALOG_COMPILER_GLOBAL_ACCENT_COLOR_NAME = AccentColor;
				CODE_SIGN_STYLE = Automatic;
				CURRENT_PROJECT_VERSION = 1;
				DEVELOPMENT_TEAM = WY23RUM8JH;
				GENERATE_INFOPLIST_FILE = YES;
				INFOPLIST_FILE = SampleMVP/Info.plist;
				INFOPLIST_KEY_UIApplicationSupportsIndirectInputEvents = YES;
				INFOPLIST_KEY_UILaunchStoryboardName = LaunchScreen;
				INFOPLIST_KEY_UISupportedInterfaceOrientations_iPad = "UIInterfaceOrientationPortrait UIInterfaceOrientationPortraitUpsideDown UIInterfaceOrientationLandscapeLeft UIInterfaceOrientationLandscapeRight";
				INFOPLIST_KEY_UISupportedInterfaceOrientations_iPhone = "UIInterfaceOrientationPortrait UIInterfaceOrientationLandscapeLeft UIInterfaceOrientationLandscapeRight";
				LD_RUNPATH_SEARCH_PATHS = (
					"$(inherited)",
					"@executable_path/Frameworks",
				);
				MARKETING_VERSION = 1.0;
				PRODUCT_BUNDLE_IDENTIFIER = com.otoufujohnny.SampleMVP;
				PRODUCT_NAME = "$(TARGET_NAME)";
				SWIFT_EMIT_LOC_STRINGS = YES;
				SWIFT_VERSION = 5.0;
				TARGETED_DEVICE_FAMILY = "1,2";
			};
			name = Release;
		};
/* End XCBuildConfiguration section */

/* Begin XCConfigurationList section */
		1CF6FBAC2978FB4200031388 /* Build configuration list for PBXProject "SampleMVP" */ = {
			isa = XCConfigurationList;
			buildConfigurations = (
				1CF6FBC32978FB4500031388 /* Debug */,
				1CF6FBC42978FB4500031388 /* Release */,
			);
			defaultConfigurationIsVisible = 0;
			defaultConfigurationName = Release;
		};
		1CF6FBC52978FB4500031388 /* Build configuration list for PBXNativeTarget "SampleMVP" */ = {
			isa = XCConfigurationList;
			buildConfigurations = (
				1CF6FBC62978FB4500031388 /* Debug */,
				1CF6FBC72978FB4500031388 /* Release */,
			);
			defaultConfigurationIsVisible = 0;
			defaultConfigurationName = Release;
		};
/* End XCConfigurationList section */
	};
	rootObject = 1CF6FBA92978FB4200031388 /* Project object */;
}
